
Microsoft Visual Studio Solution File, Format Version 12.00
# Visual Studio Version 17
VisualStudioVersion = 17.11.35303.130
MinimumVisualStudioVersion = 10.0.40219.1
Project("{FAE04EC0-301F-11D3-BF4B-00C04F79EFBC}") = "SnipeIT_AssetTagTransporter", "SnipeIT_AssetTagTransporter.csproj", "{0F771275-2773-40F4-B9E3-3D597D89AB33}"
EndProject
Global
	GlobalSection(SolutionConfigurationPlatforms) = preSolution
		Debug|Any CPU = Debug|Any CPU
		Release|Any CPU = Release|Any CPU
	EndGlobalSection
	GlobalSection(ProjectConfigurationPlatforms) = postSolution
		{0F771275-2773-40F4-B9E3-3D597D89AB33}.Debug|Any CPU.ActiveCfg = Debug|Any CPU
		{0F771275-2773-40F4-B9E3-3D597D89AB33}.Debug|Any CPU.Build.0 = Debug|Any CPU
		{0F771275-2773-40F4-B9E3-3D597D89AB33}.Release|Any CPU.ActiveCfg = Release|Any CPU
		{0F771275-2773-40F4-B9E3-3D597D89AB33}.Release|Any CPU.Build.0 = Release|Any CPU
	EndGlobalSection
	GlobalSection(SolutionProperties) = preSolution
		HideSolutionNode = FALSE
	EndGlobalSection
	GlobalSection(ExtensibilityGlobals) = postSolution
		SolutionGuid = {62514F50-52D7-481A-9249-2E2BFC2E4F27}
	EndGlobalSection
EndGlobal
